
Microsoft Visual Studio Solution File, Format Version 12.00
# Visual Studio Version 16
VisualStudioVersion = 16.0.31129.286
MinimumVisualStudioVersion = 10.0.40219.1
Project("{9A19103F-16F7-4668-BE54-9A1E7A4F7556}") = "SixBDigital.CarValeting.Core", "SixBDigital.CarValeting.Core\SixBDigital.CarValeting.Core.csproj", "{383BD259-CECA-4E7D-862A-E56602AD3538}"
EndProject
Project("{9A19103F-16F7-4668-BE54-9A1E7A4F7556}") = "SixBDigital.CarValeting.Infrastructure", "SixBDigital.CarValeting.Infrastructure\SixBDigital.CarValeting.Infrastructure.csproj", "{58A75471-35C4-460A-8852-C1EE6309DEB5}"
EndProject
Project("{9A19103F-16F7-4668-BE54-9A1E7A4F7556}") = "SixBDigital.CarValeting.Web", "SixBDigital.CarValeting.Web\SixBDigital.CarValeting.Web.csproj", "{3A7AFFCC-0BFA-4308-A91C-FDAA96319143}"
EndProject
Project("{FAE04EC0-301F-11D3-BF4B-00C04F79EFBC}") = "SixBDigital.CarValeting.Core.Test", "SixBDigital.CarValeting.Core.Test\SixBDigital.CarValeting.Core.Test.csproj", "{1BAA5D69-5F16-43AE-B549-2E984F23A24B}"
EndProject
Global
	GlobalSection(SolutionConfigurationPlatforms) = preSolution
		Debug|Any CPU = Debug|Any CPU
		Release|Any CPU = Release|Any CPU
	EndGlobalSection
	GlobalSection(ProjectConfigurationPlatforms) = postSolution
		{383BD259-CECA-4E7D-862A-E56602AD3538}.Debug|Any CPU.ActiveCfg = Debug|Any CPU
		{383BD259-CECA-4E7D-862A-E56602AD3538}.Debug|Any CPU.Build.0 = Debug|Any CPU
		{383BD259-CECA-4E7D-862A-E56602AD3538}.Release|Any CPU.ActiveCfg = Release|Any CPU
		{383BD259-CECA-4E7D-862A-E56602AD3538}.Release|Any CPU.Build.0 = Release|Any CPU
		{58A75471-35C4-460A-8852-C1EE6309DEB5}.Debug|Any CPU.ActiveCfg = Debug|Any CPU
		{58A75471-35C4-460A-8852-C1EE6309DEB5}.Debug|Any CPU.Build.0 = Debug|Any CPU
		{58A75471-35C4-460A-8852-C1EE6309DEB5}.Release|Any CPU.ActiveCfg = Release|Any CPU
		{58A75471-35C4-460A-8852-C1EE6309DEB5}.Release|Any CPU.Build.0 = Release|Any CPU
		{3A7AFFCC-0BFA-4308-A91C-FDAA96319143}.Debug|Any CPU.ActiveCfg = Debug|Any CPU
		{3A7AFFCC-0BFA-4308-A91C-FDAA96319143}.Debug|Any CPU.Build.0 = Debug|Any CPU
		{3A7AFFCC-0BFA-4308-A91C-FDAA96319143}.Release|Any CPU.ActiveCfg = Release|Any CPU
		{3A7AFFCC-0BFA-4308-A91C-FDAA96319143}.Release|Any CPU.Build.0 = Release|Any CPU
		{1BAA5D69-5F16-43AE-B549-2E984F23A24B}.Debug|Any CPU.ActiveCfg = Debug|Any CPU
		{1BAA5D69-5F16-43AE-B549-2E984F23A24B}.Debug|Any CPU.Build.0 = Debug|Any CPU
		{1BAA5D69-5F16-43AE-B549-2E984F23A24B}.Release|Any CPU.ActiveCfg = Release|Any CPU
		{1BAA5D69-5F16-43AE-B549-2E984F23A24B}.Release|Any CPU.Build.0 = Release|Any CPU
	EndGlobalSection
	GlobalSection(SolutionProperties) = preSolution
		HideSolutionNode = FALSE
	EndGlobalSection
	GlobalSection(ExtensibilityGlobals) = postSolution
		SolutionGuid = {3F3C5B5A-B5FA-4767-A558-3C509AFAE5B4}
	EndGlobalSection
EndGlobal
